
Microsoft Visual Studio Solution File, Format Version 10.00
# Visual Studio 2008
# SharpDevelop 3.0.0.3141
Project("{FAE04EC0-301F-11D3-BF4B-00C04F79EFBC}") = "Comment Cards", "Comment Cards.csproj", "{FE28833C-EDC9-48FC-80E4-4CE168E828DD}"
EndProject
Global
	GlobalSection(SolutionConfigurationPlatforms) = preSolution
		Debug|Any CPU = Debug|Any CPU
		Release|Any CPU = Release|Any CPU
	EndGlobalSection
	GlobalSection(ProjectConfigurationPlatforms) = postSolution
		{FE28833C-EDC9-48FC-80E4-4CE168E828DD}.Debug|Any CPU.Build.0 = Debug|Any CPU
		{FE28833C-EDC9-48FC-80E4-4CE168E828DD}.Debug|Any CPU.ActiveCfg = Debug|Any CPU
		{FE28833C-EDC9-48FC-80E4-4CE168E828DD}.Release|Any CPU.Build.0 = Release|Any CPU
		{FE28833C-EDC9-48FC-80E4-4CE168E828DD}.Release|Any CPU.ActiveCfg = Release|Any CPU
	EndGlobalSection
EndGlobal
