
Microsoft Visual Studio Solution File, Format Version 10.00
# Visual Studio 2008
# SharpDevelop 3.0.0.3141
Project("{FAE04EC0-301F-11D3-BF4B-00C04F79EFBC}") = "AdventureAuthor", "AdventureAuthor.csproj", "{6C3192D1-C3CC-499B-B443-24AE5FC16914}"
EndProject
Project("{FAE04EC0-301F-11D3-BF4B-00C04F79EFBC}") = "ColorPicker", "..\Libraries\ColorPickerLib\ColorPickerCustomControl\ColorPickerLib\ColorPicker.csproj", "{99E90579-62FC-4898-B168-24F7DBD3A34D}"
EndProject
Project("{FAE04EC0-301F-11D3-BF4B-00C04F79EFBC}") = "AAUtils", "UtilsLibrary\AAUtils.csproj", "{1EEC08D2-0EDF-4A28-8C75-C49353213648}"
EndProject
Project("{FAE04EC0-301F-11D3-BF4B-00C04F79EFBC}") = "Comment Cards", "Worksheets\Comment Cards.csproj", "{FE28833C-EDC9-48FC-80E4-4CE168E828DD}"
EndProject
Project("{FAE04EC0-301F-11D3-BF4B-00C04F79EFBC}") = "Magnets", "Magnets\Magnets.csproj", "{D73853CE-B0D3-4AAB-84B5-26AD41B580EF}"
EndProject
Global
	GlobalSection(SolutionConfigurationPlatforms) = preSolution
		Debug|Any CPU = Debug|Any CPU
		Release|Any CPU = Release|Any CPU
	EndGlobalSection
	GlobalSection(ProjectConfigurationPlatforms) = postSolution
		{6C3192D1-C3CC-499B-B443-24AE5FC16914}.Debug|Any CPU.Build.0 = Debug|Any CPU
		{6C3192D1-C3CC-499B-B443-24AE5FC16914}.Debug|Any CPU.ActiveCfg = Debug|Any CPU
		{6C3192D1-C3CC-499B-B443-24AE5FC16914}.Release|Any CPU.Build.0 = Release|Any CPU
		{6C3192D1-C3CC-499B-B443-24AE5FC16914}.Release|Any CPU.ActiveCfg = Release|Any CPU
		{4A55E32F-3856-468F-95BE-92BEBF5848F2}.Debug|Any CPU.Build.0 = Debug|Any CPU
		{4A55E32F-3856-468F-95BE-92BEBF5848F2}.Debug|Any CPU.ActiveCfg = Debug|Any CPU
		{4A55E32F-3856-468F-95BE-92BEBF5848F2}.Release|Any CPU.Build.0 = Release|Any CPU
		{4A55E32F-3856-468F-95BE-92BEBF5848F2}.Release|Any CPU.ActiveCfg = Release|Any CPU
		{5DADF4D5-B798-402F-89AB-6A7F6D2CF704}.Debug|Any CPU.Build.0 = Debug|Any CPU
		{5DADF4D5-B798-402F-89AB-6A7F6D2CF704}.Debug|Any CPU.ActiveCfg = Debug|Any CPU
		{5DADF4D5-B798-402F-89AB-6A7F6D2CF704}.Release|Any CPU.Build.0 = Release|Any CPU
		{5DADF4D5-B798-402F-89AB-6A7F6D2CF704}.Release|Any CPU.ActiveCfg = Release|Any CPU
		677A8AD9-8027-4F16-909E-26332C8926B1.Debug|Any CPU.Build.0 = Debug|Any CPU
		677A8AD9-8027-4F16-909E-26332C8926B1.Debug|Any CPU.ActiveCfg = Debug|Any CPU
		677A8AD9-8027-4F16-909E-26332C8926B1.Release|Any CPU.Build.0 = Release|Any CPU
		677A8AD9-8027-4F16-909E-26332C8926B1.Release|Any CPU.ActiveCfg = Release|Any CPU
		DD329493-BEC9-49B2-9434-E7BEA0669728.Debug|Any CPU.Build.0 = Debug|Any CPU
		DD329493-BEC9-49B2-9434-E7BEA0669728.Debug|Any CPU.ActiveCfg = Debug|Any CPU
		DD329493-BEC9-49B2-9434-E7BEA0669728.Release|Any CPU.Build.0 = Release|Any CPU
		DD329493-BEC9-49B2-9434-E7BEA0669728.Release|Any CPU.ActiveCfg = Release|Any CPU
		{42294AB0-70F8-4AC6-8B53-DE5ED365BC0F}.Debug|Any CPU.Build.0 = Debug|Any CPU
		{42294AB0-70F8-4AC6-8B53-DE5ED365BC0F}.Debug|Any CPU.ActiveCfg = Debug|Any CPU
		{42294AB0-70F8-4AC6-8B53-DE5ED365BC0F}.Release|Any CPU.Build.0 = Release|Any CPU
		{42294AB0-70F8-4AC6-8B53-DE5ED365BC0F}.Release|Any CPU.ActiveCfg = Release|Any CPU
		{306D4408-121F-4899-9251-25E2683734B2}.Debug|Any CPU.Build.0 = Debug|Any CPU
		{306D4408-121F-4899-9251-25E2683734B2}.Debug|Any CPU.ActiveCfg = Debug|Any CPU
		{306D4408-121F-4899-9251-25E2683734B2}.Release|Any CPU.Build.0 = Release|Any CPU
		{306D4408-121F-4899-9251-25E2683734B2}.Release|Any CPU.ActiveCfg = Release|Any CPU
		{332004FF-BCD7-4A9D-B2AB-F49216E004F4}.Debug|Any CPU.Build.0 = Debug|Any CPU
		{332004FF-BCD7-4A9D-B2AB-F49216E004F4}.Debug|Any CPU.ActiveCfg = Debug|Any CPU
		{332004FF-BCD7-4A9D-B2AB-F49216E004F4}.Release|Any CPU.Build.0 = Release|Any CPU
		{332004FF-BCD7-4A9D-B2AB-F49216E004F4}.Release|Any CPU.ActiveCfg = Release|Any CPU
		{653CC409-4352-472E-9EFA-D628905A7359}.Debug|Any CPU.Build.0 = Debug|Any CPU
		{653CC409-4352-472E-9EFA-D628905A7359}.Debug|Any CPU.ActiveCfg = Debug|Any CPU
		{653CC409-4352-472E-9EFA-D628905A7359}.Release|Any CPU.Build.0 = Release|Any CPU
		{653CC409-4352-472E-9EFA-D628905A7359}.Release|Any CPU.ActiveCfg = Release|Any CPU
		{9F6CA767-AEDB-4851-9B61-F4C00E8F868A}.Debug|Any CPU.Build.0 = Debug|Any CPU
		{9F6CA767-AEDB-4851-9B61-F4C00E8F868A}.Debug|Any CPU.ActiveCfg = Debug|Any CPU
		{9F6CA767-AEDB-4851-9B61-F4C00E8F868A}.Release|Any CPU.Build.0 = Release|Any CPU
		{9F6CA767-AEDB-4851-9B61-F4C00E8F868A}.Release|Any CPU.ActiveCfg = Release|Any CPU
		E4E21490-D4B3-4C65-8087-E84995355309.Debug|Any CPU.Build.0 = Debug|Any CPU
		E4E21490-D4B3-4C65-8087-E84995355309.Debug|Any CPU.ActiveCfg = Debug|Any CPU
		E4E21490-D4B3-4C65-8087-E84995355309.Release|Any CPU.Build.0 = Release|Any CPU
		E4E21490-D4B3-4C65-8087-E84995355309.Release|Any CPU.ActiveCfg = Release|Any CPU
		{D3C782BA-178E-4235-A3BA-8C11DEBB6BEE}.Debug|Any CPU.Build.0 = Debug|Any CPU
		{D3C782BA-178E-4235-A3BA-8C11DEBB6BEE}.Debug|Any CPU.ActiveCfg = Debug|Any CPU
		{D3C782BA-178E-4235-A3BA-8C11DEBB6BEE}.Release|Any CPU.Build.0 = Release|Any CPU
		{D3C782BA-178E-4235-A3BA-8C11DEBB6BEE}.Release|Any CPU.ActiveCfg = Release|Any CPU
		{96AEBBEE-4203-45F3-BCF5-7B73BF256BDA}.Debug|Any CPU.Build.0 = Debug|Any CPU
		{96AEBBEE-4203-45F3-BCF5-7B73BF256BDA}.Debug|Any CPU.ActiveCfg = Debug|Any CPU
		{96AEBBEE-4203-45F3-BCF5-7B73BF256BDA}.Release|Any CPU.Build.0 = Release|Any CPU
		{96AEBBEE-4203-45F3-BCF5-7B73BF256BDA}.Release|Any CPU.ActiveCfg = Release|Any CPU
		{1D15C2A9-7D08-4BA6-B307-BDE0CA8AF1CB}.Debug|Any CPU.Build.0 = Debug|Any CPU
		{1D15C2A9-7D08-4BA6-B307-BDE0CA8AF1CB}.Debug|Any CPU.ActiveCfg = Debug|Any CPU
		{1D15C2A9-7D08-4BA6-B307-BDE0CA8AF1CB}.Release|Any CPU.Build.0 = Release|Any CPU
		{1D15C2A9-7D08-4BA6-B307-BDE0CA8AF1CB}.Release|Any CPU.ActiveCfg = Release|Any CPU
		71C4E8B5-D16C-46AA-8A85-23E93DE34843.Debug|Any CPU.Build.0 = Debug|Any CPU
		71C4E8B5-D16C-46AA-8A85-23E93DE34843.Debug|Any CPU.ActiveCfg = Debug|Any CPU
		71C4E8B5-D16C-46AA-8A85-23E93DE34843.Release|Any CPU.Build.0 = Release|Any CPU
		71C4E8B5-D16C-46AA-8A85-23E93DE34843.Release|Any CPU.ActiveCfg = Release|Any CPU
		{99E90579-62FC-4898-B168-24F7DBD3A34D}.Debug|Any CPU.Build.0 = Debug|Any CPU
		{99E90579-62FC-4898-B168-24F7DBD3A34D}.Debug|Any CPU.ActiveCfg = Debug|Any CPU
		{99E90579-62FC-4898-B168-24F7DBD3A34D}.Release|Any CPU.Build.0 = Release|Any CPU
		{99E90579-62FC-4898-B168-24F7DBD3A34D}.Release|Any CPU.ActiveCfg = Release|Any CPU
		{443319FF-F8C1-428B-AF5D-2860DB28D5DA}.Debug|Any CPU.Build.0 = Debug|Any CPU
		{443319FF-F8C1-428B-AF5D-2860DB28D5DA}.Debug|Any CPU.ActiveCfg = Debug|Any CPU
		{443319FF-F8C1-428B-AF5D-2860DB28D5DA}.Release|Any CPU.Build.0 = Release|Any CPU
		{443319FF-F8C1-428B-AF5D-2860DB28D5DA}.Release|Any CPU.ActiveCfg = Release|Any CPU
		{40E19CF9-3961-49DA-83E5-4216D6DAF30E}.Debug|Any CPU.Build.0 = Debug|Any CPU
		{40E19CF9-3961-49DA-83E5-4216D6DAF30E}.Debug|Any CPU.ActiveCfg = Debug|Any CPU
		{40E19CF9-3961-49DA-83E5-4216D6DAF30E}.Release|Any CPU.Build.0 = Release|Any CPU
		{40E19CF9-3961-49DA-83E5-4216D6DAF30E}.Release|Any CPU.ActiveCfg = Release|Any CPU
		{1EEC08D2-0EDF-4A28-8C75-C49353213648}.Debug|Any CPU.Build.0 = Debug|Any CPU
		{1EEC08D2-0EDF-4A28-8C75-C49353213648}.Debug|Any CPU.ActiveCfg = Debug|Any CPU
		{1EEC08D2-0EDF-4A28-8C75-C49353213648}.Release|Any CPU.Build.0 = Release|Any CPU
		{1EEC08D2-0EDF-4A28-8C75-C49353213648}.Release|Any CPU.ActiveCfg = Release|Any CPU
		{FE28833C-EDC9-48FC-80E4-4CE168E828DD}.Debug|Any CPU.Build.0 = Debug|Any CPU
		{FE28833C-EDC9-48FC-80E4-4CE168E828DD}.Debug|Any CPU.ActiveCfg = Debug|Any CPU
		{FE28833C-EDC9-48FC-80E4-4CE168E828DD}.Release|Any CPU.Build.0 = Release|Any CPU
		{FE28833C-EDC9-48FC-80E4-4CE168E828DD}.Release|Any CPU.ActiveCfg = Release|Any CPU
		{D73853CE-B0D3-4AAB-84B5-26AD41B580EF}.Debug|Any CPU.Build.0 = Debug|Any CPU
		{D73853CE-B0D3-4AAB-84B5-26AD41B580EF}.Debug|Any CPU.ActiveCfg = Debug|Any CPU
		{D73853CE-B0D3-4AAB-84B5-26AD41B580EF}.Release|Any CPU.Build.0 = Release|Any CPU
		{D73853CE-B0D3-4AAB-84B5-26AD41B580EF}.Release|Any CPU.ActiveCfg = Release|Any CPU
	EndGlobalSection
EndGlobal
